<?xml version="1.0" encoding="UTF-8" standalone="yes" ?>
<CodeBlocks_project_file>
	<FileVersion major="1" minor="6" />
	<Project>
		<Option title="alac" />
		<Option makefile_is_custom="1" />
		<Option pch_mode="2" />
		<Option compiler="gcc" />
		<Build>
			<Target title="Debug">
				<Option output="bin/Debug/alac" prefix_auto="1" extension_auto="1" />
				<Option object_output="obj/Debug/" />
				<Option type="1" />
				<Option compiler="gcc" />
				<Compiler>
					<Add option="-g" />
				</Compiler>
			</Target>
			<Target title="Release">
				<Option output="bin/Release/alac" prefix_auto="1" extension_auto="1" />
				<Option object_output="obj/Release/" />
				<Option type="1" />
				<Option compiler="gcc" />
				<Compiler>
					<Add option="-O2" />
				</Compiler>
				<Linker>
					<Add option="-s" />
				</Linker>
			</Target>
		</Build>
		<Compiler>
			<Add option="-Wall" />
			<Add option="-fexceptions" />
		</Compiler>
		<Unit filename="Makefile" />
		<Unit filename="cache.c">
			<Option compilerVar="CC" />
		</Unit>
		<Unit filename="cache.h" />
		<Unit filename="class.h" />
		<Unit filename="core.c">
			<Option compilerVar="CC" />
		</Unit>
		<Unit filename="core.h" />
		<Unit filename="criteria.h" />
		<Unit filename="evaluation.c">
			<Option compilerVar="CC" />
		</Unit>
		<Unit filename="evaluation.h" />
		<Unit filename="evidence.h" />
		<Unit filename="itemset.c">
			<Option compilerVar="CC" />
		</Unit>
		<Unit filename="itemset.h" />
		<Unit filename="lazy.c">
			<Option compilerVar="CC" />
		</Unit>
		<Unit filename="limits.h" />
		<Unit filename="list.h" />
		<Unit filename="main.cpp" />
		<Unit filename="optimize.c">
			<Option compilerVar="CC" />
		</Unit>
		<Unit filename="optimize.h" />
		<Unit filename="pears.c">
			<Option compilerVar="CC" />
		</Unit>
		<Unit filename="prediction.h" />
		<Unit filename="rule.c">
			<Option compilerVar="CC" />
		</Unit>
		<Unit filename="rule.h" />
		<Unit filename="score.c">
			<Option compilerVar="CC" />
		</Unit>
		<Unit filename="score.h" />
		<Unit filename="test.c">
			<Option compilerVar="CC" />
		</Unit>
		<Unit filename="test.h" />
		<Unit filename="test2.c">
			<Option compilerVar="CC" />
		</Unit>
		<Unit filename="timer.h" />
		<Unit filename="training.c">
			<Option compilerVar="CC" />
		</Unit>
		<Unit filename="training.h" />
		<Unit filename="training2.c">
			<Option compilerVar="CC" />
		</Unit>
		<Unit filename="unlabeled.c">
			<Option compilerVar="CC" />
		</Unit>
		<Unit filename="unlabeled.h" />
		<Extensions>
			<envvars />
			<code_completion />
			<lib_finder disable_auto="1" />
			<debugger />
		</Extensions>
	</Project>
</CodeBlocks_project_file>
